// !$*UTF8*$!
{
	archiveVersion = 1;
	classes = {
	};
	objectVersion = 52;
	objects = {

/* Begin PBXBuildFile section */
		39AD1CBD265272BD002DCA0A /* IndexedCollection.swift in Sources */ = {isa = PBXBuildFile; fileRef = 39AD1CBB265272BD002DCA0A /* IndexedCollection.swift */; };
		39AD1CBE265272BD002DCA0A /* IndexedCollection.swift in Sources */ = {isa = PBXBuildFile; fileRef = 39AD1CBB265272BD002DCA0A /* IndexedCollection.swift */; };
		39AD1CBF265272BD002DCA0A /* Extensions.swift in Sources */ = {isa = PBXBuildFile; fileRef = 39AD1CBC265272BD002DCA0A /* Extensions.swift */; };
		39AD1CC0265272BD002DCA0A /* Extensions.swift in Sources */ = {isa = PBXBuildFile; fileRef = 39AD1CBC265272BD002DCA0A /* Extensions.swift */; };
		39AD1CC9265276DE002DCA0A /* DataConverter.swift in Sources */ = {isa = PBXBuildFile; fileRef = 39AD1CC8265276DE002DCA0A /* DataConverter.swift */; };
		39AD1CCA265276DE002DCA0A /* DataConverter.swift in Sources */ = {isa = PBXBuildFile; fileRef = 39AD1CC8265276DE002DCA0A /* DataConverter.swift */; };
		AF0A296126591A10008F4E3A /* TabActionScenario.swift in Sources */ = {isa = PBXBuildFile; fileRef = AF0A296026591A10008F4E3A /* TabActionScenario.swift */; };
		AF0A296226591A10008F4E3A /* TabActionScenario.swift in Sources */ = {isa = PBXBuildFile; fileRef = AF0A296026591A10008F4E3A /* TabActionScenario.swift */; };
		AF18382D265F702800307E26 /* iOSQRCodeView.swift in Sources */ = {isa = PBXBuildFile; fileRef = AF18382C265F702800307E26 /* iOSQRCodeView.swift */; };
		AF18382F265F861700307E26 /* QRCodeScenario.swift in Sources */ = {isa = PBXBuildFile; fileRef = AF18382E265F861700307E26 /* QRCodeScenario.swift */; };
		AF183830265F861700307E26 /* QRCodeScenario.swift in Sources */ = {isa = PBXBuildFile; fileRef = AF18382E265F861700307E26 /* QRCodeScenario.swift */; };
		AF183832265F936F00307E26 /* AppActions.swift in Sources */ = {isa = PBXBuildFile; fileRef = AF183831265F936F00307E26 /* AppActions.swift */; };
		AF183833265F936F00307E26 /* AppActions.swift in Sources */ = {isa = PBXBuildFile; fileRef = AF183831265F936F00307E26 /* AppActions.swift */; };
		AF183835265F96CA00307E26 /* ReduxActor.swift in Sources */ = {isa = PBXBuildFile; fileRef = AF183834265F96CA00307E26 /* ReduxActor.swift */; };
		AF183836265F96CA00307E26 /* ReduxActor.swift in Sources */ = {isa = PBXBuildFile; fileRef = AF183834265F96CA00307E26 /* ReduxActor.swift */; };
		AF183838265F9B6300307E26 /* SingletonStorage.swift in Sources */ = {isa = PBXBuildFile; fileRef = AF183837265F9B6300307E26 /* SingletonStorage.swift */; };
		AF183839265F9B6300307E26 /* SingletonStorage.swift in Sources */ = {isa = PBXBuildFile; fileRef = AF183837265F9B6300307E26 /* SingletonStorage.swift */; };
		AF3A99AF265E9582006F7CF7 /* SwiftUIPhotoPicker.swift in Sources */ = {isa = PBXBuildFile; fileRef = AF3A99AE265E9582006F7CF7 /* SwiftUIPhotoPicker.swift */; };
		AF3A99B0265E9582006F7CF7 /* SwiftUIPhotoPicker.swift in Sources */ = {isa = PBXBuildFile; fileRef = AF3A99AE265E9582006F7CF7 /* SwiftUIPhotoPicker.swift */; };
		AF3A99B8265E9D60006F7CF7 /* ToolMan.swift in Sources */ = {isa = PBXBuildFile; fileRef = AF3A99B7265E9D60006F7CF7 /* ToolMan.swift */; };
		AF3A99B9265E9D60006F7CF7 /* ToolMan.swift in Sources */ = {isa = PBXBuildFile; fileRef = AF3A99B7265E9D60006F7CF7 /* ToolMan.swift */; };
		AF5466272657748F006DE4AB /* iOSBrowserView.swift in Sources */ = {isa = PBXBuildFile; fileRef = AF5466262657748F006DE4AB /* iOSBrowserView.swift */; };
		AF54662826577644006DE4AB /* RoleSelectionView.swift in Sources */ = {isa = PBXBuildFile; fileRef = AF72CE2A26575FB80028C16B /* RoleSelectionView.swift */; };
		AF54662A26577AB4006DE4AB /* BeaconReceiver.swift in Sources */ = {isa = PBXBuildFile; fileRef = AF54662926577AB4006DE4AB /* BeaconReceiver.swift */; };
		AF54662B26577AB4006DE4AB /* BeaconReceiver.swift in Sources */ = {isa = PBXBuildFile; fileRef = AF54662926577AB4006DE4AB /* BeaconReceiver.swift */; };
		AF54662D26577B56006DE4AB /* Entities.swift in Sources */ = {isa = PBXBuildFile; fileRef = AF54662C26577B56006DE4AB /* Entities.swift */; };
		AF54662E26577B56006DE4AB /* Entities.swift in Sources */ = {isa = PBXBuildFile; fileRef = AF54662C26577B56006DE4AB /* Entities.swift */; };
		AF54663426578F10006DE4AB /* iOSListInputView.swift in Sources */ = {isa = PBXBuildFile; fileRef = AF54663326578F10006DE4AB /* iOSListInputView.swift */; };
		AF54663526578F10006DE4AB /* iOSListInputView.swift in Sources */ = {isa = PBXBuildFile; fileRef = AF54663326578F10006DE4AB /* iOSListInputView.swift */; };
		AF5466382657974A006DE4AB /* ReSwift in Frameworks */ = {isa = PBXBuildFile; productRef = AF5466372657974A006DE4AB /* ReSwift */; };
		AF5466482657AAD5006DE4AB /* AppState.swift in Sources */ = {isa = PBXBuildFile; fileRef = AF5466452657AAD4006DE4AB /* AppState.swift */; };
		AF5466492657AAD5006DE4AB /* AppState.swift in Sources */ = {isa = PBXBuildFile; fileRef = AF5466452657AAD4006DE4AB /* AppState.swift */; };
		AF54664A2657AAD5006DE4AB /* AppReducer.swift in Sources */ = {isa = PBXBuildFile; fileRef = AF5466472657AAD4006DE4AB /* AppReducer.swift */; };
		AF54664B2657AAD5006DE4AB /* AppReducer.swift in Sources */ = {isa = PBXBuildFile; fileRef = AF5466472657AAD4006DE4AB /* AppReducer.swift */; };
		AF54664E2657AFAE006DE4AB /* UIActions.swift in Sources */ = {isa = PBXBuildFile; fileRef = AF54664D2657AFAE006DE4AB /* UIActions.swift */; };
		AF54664F2657AFAE006DE4AB /* UIActions.swift in Sources */ = {isa = PBXBuildFile; fileRef = AF54664D2657AFAE006DE4AB /* UIActions.swift */; };
		AF5466512657C06F006DE4AB /* iOSListDisplayView.swift in Sources */ = {isa = PBXBuildFile; fileRef = AF5466502657C06F006DE4AB /* iOSListDisplayView.swift */; };
		AF546655265812BE006DE4AB /* iOSBrowserListView.swift in Sources */ = {isa = PBXBuildFile; fileRef = AF546654265812BE006DE4AB /* iOSBrowserListView.swift */; };
		AF54665726581533006DE4AB /* TextFieldClearButton.swift in Sources */ = {isa = PBXBuildFile; fileRef = AF54665626581533006DE4AB /* TextFieldClearButton.swift */; };
		AF54665826581533006DE4AB /* TextFieldClearButton.swift in Sources */ = {isa = PBXBuildFile; fileRef = AF54665626581533006DE4AB /* TextFieldClearButton.swift */; };
		AF54665A26583DE8006DE4AB /* iOSTabView.swift in Sources */ = {isa = PBXBuildFile; fileRef = AF54665926583DE8006DE4AB /* iOSTabView.swift */; };
		AF54665F2658C50F006DE4AB /* iOSWebView.swift in Sources */ = {isa = PBXBuildFile; fileRef = AF54665E2658C50F006DE4AB /* iOSWebView.swift */; };
		AF5466612658C538006DE4AB /* WebViewScenario.swift in Sources */ = {isa = PBXBuildFile; fileRef = AF5466602658C538006DE4AB /* WebViewScenario.swift */; };
		AF5466662658CAFD006DE4AB /* TabPageView.swift in Sources */ = {isa = PBXBuildFile; fileRef = AF5466652658CAFD006DE4AB /* TabPageView.swift */; };
		AF5466672658CAFD006DE4AB /* TabPageView.swift in Sources */ = {isa = PBXBuildFile; fileRef = AF5466652658CAFD006DE4AB /* TabPageView.swift */; };
		AF5466692658CC07006DE4AB /* SwiftUIWebView.swift in Sources */ = {isa = PBXBuildFile; fileRef = AF5466682658CC07006DE4AB /* SwiftUIWebView.swift */; };
		AF54666A2658CC07006DE4AB /* SwiftUIWebView.swift in Sources */ = {isa = PBXBuildFile; fileRef = AF5466682658CC07006DE4AB /* SwiftUIWebView.swift */; };
		AF72CDFE26552BE30028C16B /* BeaconBroadcaster.swift in Sources */ = {isa = PBXBuildFile; fileRef = AF72CDFD26552BE30028C16B /* BeaconBroadcaster.swift */; };
		AF72CDFF26552BE30028C16B /* BeaconBroadcaster.swift in Sources */ = {isa = PBXBuildFile; fileRef = AF72CDFD26552BE30028C16B /* BeaconBroadcaster.swift */; };
		AF72CE0F26563BDE0028C16B /* PeerHost.swift in Sources */ = {isa = PBXBuildFile; fileRef = AF72CE0C26563BDE0028C16B /* PeerHost.swift */; };
		AF72CE1026563BDE0028C16B /* PeerHost.swift in Sources */ = {isa = PBXBuildFile; fileRef = AF72CE0C26563BDE0028C16B /* PeerHost.swift */; };
		AF72CE1126563BDE0028C16B /* PeerBrowser.swift in Sources */ = {isa = PBXBuildFile; fileRef = AF72CE0D26563BDE0028C16B /* PeerBrowser.swift */; };
		AF72CE1226563BDE0028C16B /* PeerBrowser.swift in Sources */ = {isa = PBXBuildFile; fileRef = AF72CE0D26563BDE0028C16B /* PeerBrowser.swift */; };
		AF72CE1326563BDE0028C16B /* PeerAdvertiser.swift in Sources */ = {isa = PBXBuildFile; fileRef = AF72CE0E26563BDE0028C16B /* PeerAdvertiser.swift */; };
		AF72CE1426563BDE0028C16B /* PeerAdvertiser.swift in Sources */ = {isa = PBXBuildFile; fileRef = AF72CE0E26563BDE0028C16B /* PeerAdvertiser.swift */; };
		AF72CE1A265667C20028C16B /* iOSAdvertiserView.swift in Sources */ = {isa = PBXBuildFile; fileRef = AF72CE19265667C20028C16B /* iOSAdvertiserView.swift */; };
		AF72CE1D265668290028C16B /* AdvertiserScenario.swift in Sources */ = {isa = PBXBuildFile; fileRef = AF72CE1C265668290028C16B /* AdvertiserScenario.swift */; };
		AF72CE1E265668290028C16B /* AdvertiserScenario.swift in Sources */ = {isa = PBXBuildFile; fileRef = AF72CE1C265668290028C16B /* AdvertiserScenario.swift */; };
		AF72CE22265670EC0028C16B /* BrowserScenario.swift in Sources */ = {isa = PBXBuildFile; fileRef = AF72CE21265670EC0028C16B /* BrowserScenario.swift */; };
		AF72CE23265670EC0028C16B /* BrowserScenario.swift in Sources */ = {isa = PBXBuildFile; fileRef = AF72CE21265670EC0028C16B /* BrowserScenario.swift */; };
		AF72CE2B26575FB80028C16B /* RoleSelectionView.swift in Sources */ = {isa = PBXBuildFile; fileRef = AF72CE2A26575FB80028C16B /* RoleSelectionView.swift */; };
		AF72CE31265760C90028C16B /* RoleSelectionScenario.swift in Sources */ = {isa = PBXBuildFile; fileRef = AF72CE30265760C90028C16B /* RoleSelectionScenario.swift */; };
		AF72CE32265760C90028C16B /* RoleSelectionScenario.swift in Sources */ = {isa = PBXBuildFile; fileRef = AF72CE30265760C90028C16B /* RoleSelectionScenario.swift */; };
		AF72CE34265767770028C16B /* StartAppScenario.swift in Sources */ = {isa = PBXBuildFile; fileRef = AF72CE33265767770028C16B /* StartAppScenario.swift */; };
		AF72CE35265767770028C16B /* StartAppScenario.swift in Sources */ = {isa = PBXBuildFile; fileRef = AF72CE33265767770028C16B /* StartAppScenario.swift */; };
		AF98720B265A4C51001209FA /* NewColors.swift in Sources */ = {isa = PBXBuildFile; fileRef = AF98720A265A4C51001209FA /* NewColors.swift */; };
		AF98720C265A4C51001209FA /* NewColors.swift in Sources */ = {isa = PBXBuildFile; fileRef = AF98720A265A4C51001209FA /* NewColors.swift */; };
		AFC97C7C265F6BE500D1980D /* DynamicTabView.swift in Sources */ = {isa = PBXBuildFile; fileRef = AFC97C7B265F6BE500D1980D /* DynamicTabView.swift */; };
		AFCDEF0C2651248D00DAC1E4 /* EnrollmentApp.swift in Sources */ = {isa = PBXBuildFile; fileRef = AFCDEEF92651248B00DAC1E4 /* EnrollmentApp.swift */; };
		AFCDEF0D2651248D00DAC1E4 /* EnrollmentApp.swift in Sources */ = {isa = PBXBuildFile; fileRef = AFCDEEF92651248B00DAC1E4 /* EnrollmentApp.swift */; };
		AFCDEF0E2651248D00DAC1E4 /* ContentView.swift in Sources */ = {isa = PBXBuildFile; fileRef = AFCDEEFA2651248B00DAC1E4 /* ContentView.swift */; };
		AFCDEF0F2651248D00DAC1E4 /* ContentView.swift in Sources */ = {isa = PBXBuildFile; fileRef = AFCDEEFA2651248B00DAC1E4 /* ContentView.swift */; };
		AFCDEF102651248D00DAC1E4 /* Assets.xcassets in Resources */ = {isa = PBXBuildFile; fileRef = AFCDEEFB2651248D00DAC1E4 /* Assets.xcassets */; };
		AFCDEF112651248D00DAC1E4 /* Assets.xcassets in Resources */ = {isa = PBXBuildFile; fileRef = AFCDEEFB2651248D00DAC1E4 /* Assets.xcassets */; };
		AFCDEF1C265124EB00DAC1E4 /* Flynn in Frameworks */ = {isa = PBXBuildFile; productRef = AFCDEF1B265124EB00DAC1E4 /* Flynn */; };
		AFCDEF22265131FC00DAC1E4 /* Courier.swift in Sources */ = {isa = PBXBuildFile; fileRef = AFCDEF21265131FC00DAC1E4 /* Courier.swift */; };
		AFCDEF23265131FC00DAC1E4 /* Courier.swift in Sources */ = {isa = PBXBuildFile; fileRef = AFCDEF21265131FC00DAC1E4 /* Courier.swift */; };
/* End PBXBuildFile section */

/* Begin PBXFileReference section */
		39AD1CBB265272BD002DCA0A /* IndexedCollection.swift */ = {isa = PBXFileReference; fileEncoding = 4; lastKnownFileType = sourcecode.swift; path = IndexedCollection.swift; sourceTree = "<group>"; };
		39AD1CBC265272BD002DCA0A /* Extensions.swift */ = {isa = PBXFileReference; fileEncoding = 4; lastKnownFileType = sourcecode.swift; path = Extensions.swift; sourceTree = "<group>"; };
		39AD1CC8265276DE002DCA0A /* DataConverter.swift */ = {isa = PBXFileReference; fileEncoding = 4; lastKnownFileType = sourcecode.swift; path = DataConverter.swift; sourceTree = "<group>"; };
		AF0A296026591A10008F4E3A /* TabActionScenario.swift */ = {isa = PBXFileReference; lastKnownFileType = sourcecode.swift; path = TabActionScenario.swift; sourceTree = "<group>"; };
		AF18382C265F702800307E26 /* iOSQRCodeView.swift */ = {isa = PBXFileReference; lastKnownFileType = sourcecode.swift; path = iOSQRCodeView.swift; sourceTree = "<group>"; };
		AF18382E265F861700307E26 /* QRCodeScenario.swift */ = {isa = PBXFileReference; lastKnownFileType = sourcecode.swift; path = QRCodeScenario.swift; sourceTree = "<group>"; };
		AF183831265F936F00307E26 /* AppActions.swift */ = {isa = PBXFileReference; lastKnownFileType = sourcecode.swift; path = AppActions.swift; sourceTree = "<group>"; };
		AF183834265F96CA00307E26 /* ReduxActor.swift */ = {isa = PBXFileReference; lastKnownFileType = sourcecode.swift; path = ReduxActor.swift; sourceTree = "<group>"; };
		AF183837265F9B6300307E26 /* SingletonStorage.swift */ = {isa = PBXFileReference; lastKnownFileType = sourcecode.swift; path = SingletonStorage.swift; sourceTree = "<group>"; };
		AF3A99AE265E9582006F7CF7 /* SwiftUIPhotoPicker.swift */ = {isa = PBXFileReference; lastKnownFileType = sourcecode.swift; path = SwiftUIPhotoPicker.swift; sourceTree = "<group>"; };
		AF3A99B7265E9D60006F7CF7 /* ToolMan.swift */ = {isa = PBXFileReference; fileEncoding = 4; lastKnownFileType = sourcecode.swift; path = ToolMan.swift; sourceTree = "<group>"; };
		AF5466262657748F006DE4AB /* iOSBrowserView.swift */ = {isa = PBXFileReference; lastKnownFileType = sourcecode.swift; path = iOSBrowserView.swift; sourceTree = "<group>"; };
		AF54662926577AB4006DE4AB /* BeaconReceiver.swift */ = {isa = PBXFileReference; fileEncoding = 4; lastKnownFileType = sourcecode.swift; path = BeaconReceiver.swift; sourceTree = "<group>"; };
		AF54662C26577B56006DE4AB /* Entities.swift */ = {isa = PBXFileReference; lastKnownFileType = sourcecode.swift; path = Entities.swift; sourceTree = "<group>"; };
		AF54663326578F10006DE4AB /* iOSListInputView.swift */ = {isa = PBXFileReference; lastKnownFileType = sourcecode.swift; path = iOSListInputView.swift; sourceTree = "<group>"; };
		AF5466452657AAD4006DE4AB /* AppState.swift */ = {isa = PBXFileReference; fileEncoding = 4; lastKnownFileType = sourcecode.swift; path = AppState.swift; sourceTree = "<group>"; };
		AF5466472657AAD4006DE4AB /* AppReducer.swift */ = {isa = PBXFileReference; fileEncoding = 4; lastKnownFileType = sourcecode.swift; path = AppReducer.swift; sourceTree = "<group>"; };
		AF54664D2657AFAE006DE4AB /* UIActions.swift */ = {isa = PBXFileReference; lastKnownFileType = sourcecode.swift; path = UIActions.swift; sourceTree = "<group>"; };
		AF5466502657C06F006DE4AB /* iOSListDisplayView.swift */ = {isa = PBXFileReference; lastKnownFileType = sourcecode.swift; path = iOSListDisplayView.swift; sourceTree = "<group>"; };
		AF546654265812BE006DE4AB /* iOSBrowserListView.swift */ = {isa = PBXFileReference; lastKnownFileType = sourcecode.swift; path = iOSBrowserListView.swift; sourceTree = "<group>"; };
		AF54665626581533006DE4AB /* TextFieldClearButton.swift */ = {isa = PBXFileReference; lastKnownFileType = sourcecode.swift; path = TextFieldClearButton.swift; sourceTree = "<group>"; };
		AF54665926583DE8006DE4AB /* iOSTabView.swift */ = {isa = PBXFileReference; lastKnownFileType = sourcecode.swift; path = iOSTabView.swift; sourceTree = "<group>"; };
		AF54665E2658C50F006DE4AB /* iOSWebView.swift */ = {isa = PBXFileReference; lastKnownFileType = sourcecode.swift; path = iOSWebView.swift; sourceTree = "<group>"; };
		AF5466602658C538006DE4AB /* WebViewScenario.swift */ = {isa = PBXFileReference; lastKnownFileType = sourcecode.swift; path = WebViewScenario.swift; sourceTree = "<group>"; };
		AF5466652658CAFD006DE4AB /* TabPageView.swift */ = {isa = PBXFileReference; lastKnownFileType = sourcecode.swift; path = TabPageView.swift; sourceTree = "<group>"; };
		AF5466682658CC07006DE4AB /* SwiftUIWebView.swift */ = {isa = PBXFileReference; lastKnownFileType = sourcecode.swift; path = SwiftUIWebView.swift; sourceTree = "<group>"; };
		AF72CDFD26552BE30028C16B /* BeaconBroadcaster.swift */ = {isa = PBXFileReference; fileEncoding = 4; lastKnownFileType = sourcecode.swift; path = BeaconBroadcaster.swift; sourceTree = "<group>"; };
		AF72CE0C26563BDE0028C16B /* PeerHost.swift */ = {isa = PBXFileReference; fileEncoding = 4; lastKnownFileType = sourcecode.swift; path = PeerHost.swift; sourceTree = "<group>"; };
		AF72CE0D26563BDE0028C16B /* PeerBrowser.swift */ = {isa = PBXFileReference; fileEncoding = 4; lastKnownFileType = sourcecode.swift; path = PeerBrowser.swift; sourceTree = "<group>"; };
		AF72CE0E26563BDE0028C16B /* PeerAdvertiser.swift */ = {isa = PBXFileReference; fileEncoding = 4; lastKnownFileType = sourcecode.swift; path = PeerAdvertiser.swift; sourceTree = "<group>"; };
		AF72CE19265667C20028C16B /* iOSAdvertiserView.swift */ = {isa = PBXFileReference; lastKnownFileType = sourcecode.swift; path = iOSAdvertiserView.swift; sourceTree = "<group>"; };
		AF72CE1C265668290028C16B /* AdvertiserScenario.swift */ = {isa = PBXFileReference; lastKnownFileType = sourcecode.swift; path = AdvertiserScenario.swift; sourceTree = "<group>"; };
		AF72CE21265670EC0028C16B /* BrowserScenario.swift */ = {isa = PBXFileReference; lastKnownFileType = sourcecode.swift; path = BrowserScenario.swift; sourceTree = "<group>"; };
		AF72CE2A26575FB80028C16B /* RoleSelectionView.swift */ = {isa = PBXFileReference; lastKnownFileType = sourcecode.swift; path = RoleSelectionView.swift; sourceTree = "<group>"; };
		AF72CE30265760C90028C16B /* RoleSelectionScenario.swift */ = {isa = PBXFileReference; lastKnownFileType = sourcecode.swift; path = RoleSelectionScenario.swift; sourceTree = "<group>"; };
		AF72CE33265767770028C16B /* StartAppScenario.swift */ = {isa = PBXFileReference; lastKnownFileType = sourcecode.swift; path = StartAppScenario.swift; sourceTree = "<group>"; };
		AF98720A265A4C51001209FA /* NewColors.swift */ = {isa = PBXFileReference; lastKnownFileType = sourcecode.swift; path = NewColors.swift; sourceTree = "<group>"; };
		AFC97C7B265F6BE500D1980D /* DynamicTabView.swift */ = {isa = PBXFileReference; lastKnownFileType = sourcecode.swift; path = DynamicTabView.swift; sourceTree = "<group>"; };
		AFCDEEF92651248B00DAC1E4 /* EnrollmentApp.swift */ = {isa = PBXFileReference; lastKnownFileType = sourcecode.swift; path = EnrollmentApp.swift; sourceTree = "<group>"; };
		AFCDEEFA2651248B00DAC1E4 /* ContentView.swift */ = {isa = PBXFileReference; lastKnownFileType = sourcecode.swift; path = ContentView.swift; sourceTree = "<group>"; };
		AFCDEEFB2651248D00DAC1E4 /* Assets.xcassets */ = {isa = PBXFileReference; lastKnownFileType = folder.assetcatalog; path = Assets.xcassets; sourceTree = "<group>"; };
		AFCDEF002651248D00DAC1E4 /* Enrollment.app */ = {isa = PBXFileReference; explicitFileType = wrapper.application; includeInIndex = 0; path = Enrollment.app; sourceTree = BUILT_PRODUCTS_DIR; };
		AFCDEF032651248D00DAC1E4 /* Info.plist */ = {isa = PBXFileReference; lastKnownFileType = text.plist.xml; path = Info.plist; sourceTree = "<group>"; };
		AFCDEF082651248D00DAC1E4 /* Enrollment.app */ = {isa = PBXFileReference; explicitFileType = wrapper.application; includeInIndex = 0; path = Enrollment.app; sourceTree = BUILT_PRODUCTS_DIR; };
		AFCDEF0A2651248D00DAC1E4 /* Info.plist */ = {isa = PBXFileReference; lastKnownFileType = text.plist.xml; path = Info.plist; sourceTree = "<group>"; };
		AFCDEF0B2651248D00DAC1E4 /* macOS.entitlements */ = {isa = PBXFileReference; lastKnownFileType = text.plist.entitlements; path = macOS.entitlements; sourceTree = "<group>"; };
		AFCDEF21265131FC00DAC1E4 /* Courier.swift */ = {isa = PBXFileReference; fileEncoding = 4; lastKnownFileType = sourcecode.swift; path = Courier.swift; sourceTree = "<group>"; };
/* End PBXFileReference section */

/* Begin PBXFrameworksBuildPhase section */
		AFCDEEFD2651248D00DAC1E4 /* Frameworks */ = {
			isa = PBXFrameworksBuildPhase;
			buildActionMask = 2147483647;
			files = (
				AFCDEF1C265124EB00DAC1E4 /* Flynn in Frameworks */,
				AF5466382657974A006DE4AB /* ReSwift in Frameworks */,
			);
			runOnlyForDeploymentPostprocessing = 0;
		};
		AFCDEF052651248D00DAC1E4 /* Frameworks */ = {
			isa = PBXFrameworksBuildPhase;
			buildActionMask = 2147483647;
			files = (
			);
			runOnlyForDeploymentPostprocessing = 0;
		};
/* End PBXFrameworksBuildPhase section */

/* Begin PBXGroup section */
		39AD1CB926527265002DCA0A /* Props */ = {
			isa = PBXGroup;
			children = (
				39AD1CBA265272BD002DCA0A /* Extension */,
				AF54662C26577B56006DE4AB /* Entities.swift */,
				AF98720A265A4C51001209FA /* NewColors.swift */,
				AF183837265F9B6300307E26 /* SingletonStorage.swift */,
			);
			path = Props;
			sourceTree = "<group>";
		};
		39AD1CBA265272BD002DCA0A /* Extension */ = {
			isa = PBXGroup;
			children = (
				39AD1CBB265272BD002DCA0A /* IndexedCollection.swift */,
				39AD1CBC265272BD002DCA0A /* Extensions.swift */,
			);
			path = Extension;
			sourceTree = "<group>";
		};
		AF54662F26578ECC006DE4AB /* Scenery */ = {
			isa = PBXGroup;
			children = (
				AF54663326578F10006DE4AB /* iOSListInputView.swift */,
				AF5466502657C06F006DE4AB /* iOSListDisplayView.swift */,
				AF546654265812BE006DE4AB /* iOSBrowserListView.swift */,
				AF54665626581533006DE4AB /* TextFieldClearButton.swift */,
				AF5466652658CAFD006DE4AB /* TabPageView.swift */,
				AF5466682658CC07006DE4AB /* SwiftUIWebView.swift */,
				AF3A99AE265E9582006F7CF7 /* SwiftUIPhotoPicker.swift */,
				AFC97C7B265F6BE500D1980D /* DynamicTabView.swift */,
			);
			path = Scenery;
			sourceTree = "<group>";
		};
		AF5466432657AAD4006DE4AB /* Redux */ = {
			isa = PBXGroup;
			children = (
				AF54664C2657AF97006DE4AB /* Actions */,
				AF5466442657AAD4006DE4AB /* States */,
				AF5466462657AAD4006DE4AB /* Reducers */,
			);
			path = Redux;
			sourceTree = "<group>";
		};
		AF5466442657AAD4006DE4AB /* States */ = {
			isa = PBXGroup;
			children = (
				AF5466452657AAD4006DE4AB /* AppState.swift */,
			);
			path = States;
			sourceTree = "<group>";
		};
		AF5466462657AAD4006DE4AB /* Reducers */ = {
			isa = PBXGroup;
			children = (
				AF5466472657AAD4006DE4AB /* AppReducer.swift */,
			);
			path = Reducers;
			sourceTree = "<group>";
		};
		AF54664C2657AF97006DE4AB /* Actions */ = {
			isa = PBXGroup;
			children = (
				AF54664D2657AFAE006DE4AB /* UIActions.swift */,
				AF183831265F936F00307E26 /* AppActions.swift */,
			);
			path = Actions;
			sourceTree = "<group>";
		};
		AF72CDFC26552BCC0028C16B /* iBeacon */ = {
			isa = PBXGroup;
			children = (
				AF54662926577AB4006DE4AB /* BeaconReceiver.swift */,
				AF72CDFD26552BE30028C16B /* BeaconBroadcaster.swift */,
			);
			path = iBeacon;
			sourceTree = "<group>";
		};
		AF72CE0B26563B840028C16B /* P2P */ = {
			isa = PBXGroup;
			children = (
				AF72CE0E26563BDE0028C16B /* PeerAdvertiser.swift */,
				AF72CE0D26563BDE0028C16B /* PeerBrowser.swift */,
				AF72CE0C26563BDE0028C16B /* PeerHost.swift */,
			);
			path = P2P;
			sourceTree = "<group>";
		};
		AF72CE1B265667CD0028C16B /* Scenario */ = {
			isa = PBXGroup;
			children = (
				AF72CE1C265668290028C16B /* AdvertiserScenario.swift */,
				AF72CE21265670EC0028C16B /* BrowserScenario.swift */,
				AF72CE30265760C90028C16B /* RoleSelectionScenario.swift */,
				AF72CE33265767770028C16B /* StartAppScenario.swift */,
				AF5466602658C538006DE4AB /* WebViewScenario.swift */,
				AF0A296026591A10008F4E3A /* TabActionScenario.swift */,
				AF18382E265F861700307E26 /* QRCodeScenario.swift */,
			);
			path = Scenario;
			sourceTree = "<group>";
		};
		AFCDEEF32651248B00DAC1E4 = {
			isa = PBXGroup;
			children = (
				AFCDEEF82651248B00DAC1E4 /* Shared */,
				AFCDEF022651248D00DAC1E4 /* iOS */,
				AFCDEF092651248D00DAC1E4 /* macOS */,
				AFCDEF012651248D00DAC1E4 /* Products */,
			);
			sourceTree = "<group>";
		};
		AFCDEEF82651248B00DAC1E4 /* Shared */ = {
			isa = PBXGroup;
			children = (
				AF5466432657AAD4006DE4AB /* Redux */,
				AF72CE1B265667CD0028C16B /* Scenario */,
				39AD1CB926527265002DCA0A /* Props */,
				AFCDEF1F265131C600DAC1E4 /* Actors */,
				AFCDEEF92651248B00DAC1E4 /* EnrollmentApp.swift */,
				AF72CE2A26575FB80028C16B /* RoleSelectionView.swift */,
				AFCDEEFA2651248B00DAC1E4 /* ContentView.swift */,
				AFCDEEFB2651248D00DAC1E4 /* Assets.xcassets */,
			);
			path = Shared;
			sourceTree = "<group>";
		};
		AFCDEF012651248D00DAC1E4 /* Products */ = {
			isa = PBXGroup;
			children = (
				AFCDEF002651248D00DAC1E4 /* Enrollment.app */,
				AFCDEF082651248D00DAC1E4 /* Enrollment.app */,
			);
			name = Products;
			sourceTree = "<group>";
		};
		AFCDEF022651248D00DAC1E4 /* iOS */ = {
			isa = PBXGroup;
			children = (
				AFCDEF1D265128E300DAC1E4 /* Stage */,
				AFCDEF032651248D00DAC1E4 /* Info.plist */,
			);
			path = iOS;
			sourceTree = "<group>";
		};
		AFCDEF092651248D00DAC1E4 /* macOS */ = {
			isa = PBXGroup;
			children = (
				AFCDEF0A2651248D00DAC1E4 /* Info.plist */,
				AFCDEF0B2651248D00DAC1E4 /* macOS.entitlements */,
			);
			path = macOS;
			sourceTree = "<group>";
		};
		AFCDEF1D265128E300DAC1E4 /* Stage */ = {
			isa = PBXGroup;
			children = (
				AF54662F26578ECC006DE4AB /* Scenery */,
				AFCDEF1E2651291100DAC1E4 /* Scene */,
			);
			path = Stage;
			sourceTree = "<group>";
		};
		AFCDEF1E2651291100DAC1E4 /* Scene */ = {
			isa = PBXGroup;
			children = (
				AF72CE19265667C20028C16B /* iOSAdvertiserView.swift */,
				AF5466262657748F006DE4AB /* iOSBrowserView.swift */,
				AF54665926583DE8006DE4AB /* iOSTabView.swift */,
				AF54665E2658C50F006DE4AB /* iOSWebView.swift */,
				AF18382C265F702800307E26 /* iOSQRCodeView.swift */,
			);
			path = Scene;
			sourceTree = "<group>";
		};
		AFCDEF1F265131C600DAC1E4 /* Actors */ = {
			isa = PBXGroup;
			children = (
				AF3A99B7265E9D60006F7CF7 /* ToolMan.swift */,
				AF72CE0B26563B840028C16B /* P2P */,
				AF72CDFC26552BCC0028C16B /* iBeacon */,
				AFCDEF20265131FC00DAC1E4 /* Express */,
				39AD1CC8265276DE002DCA0A /* DataConverter.swift */,
				AF183834265F96CA00307E26 /* ReduxActor.swift */,
			);
			path = Actors;
			sourceTree = "<group>";
		};
		AFCDEF20265131FC00DAC1E4 /* Express */ = {
			isa = PBXGroup;
			children = (
				AFCDEF21265131FC00DAC1E4 /* Courier.swift */,
			);
			path = Express;
			sourceTree = "<group>";
		};
/* End PBXGroup section */

/* Begin PBXNativeTarget section */
		AFCDEEFF2651248D00DAC1E4 /* Enrollment (iOS) */ = {
			isa = PBXNativeTarget;
			buildConfigurationList = AFCDEF142651248D00DAC1E4 /* Build configuration list for PBXNativeTarget "Enrollment (iOS)" */;
			buildPhases = (
				AFCDEEFC2651248D00DAC1E4 /* Sources */,
				AFCDEEFD2651248D00DAC1E4 /* Frameworks */,
				AFCDEEFE2651248D00DAC1E4 /* Resources */,
				AF72CE2626567AF90028C16B /* FlynnLint */,
			);
			buildRules = (
			);
			dependencies = (
			);
			name = "Enrollment (iOS)";
			packageProductDependencies = (
				AFCDEF1B265124EB00DAC1E4 /* Flynn */,
				AF5466372657974A006DE4AB /* ReSwift */,
			);
			productName = "Enrollment (iOS)";
			productReference = AFCDEF002651248D00DAC1E4 /* Enrollment.app */;
			productType = "com.apple.product-type.application";
		};
		AFCDEF072651248D00DAC1E4 /* Enrollment (macOS) */ = {
			isa = PBXNativeTarget;
			buildConfigurationList = AFCDEF172651248D00DAC1E4 /* Build configuration list for PBXNativeTarget "Enrollment (macOS)" */;
			buildPhases = (
				AFCDEF042651248D00DAC1E4 /* Sources */,
				AFCDEF052651248D00DAC1E4 /* Frameworks */,
				AFCDEF062651248D00DAC1E4 /* Resources */,
			);
			buildRules = (
			);
			dependencies = (
			);
			name = "Enrollment (macOS)";
			productName = "Enrollment (macOS)";
			productReference = AFCDEF082651248D00DAC1E4 /* Enrollment.app */;
			productType = "com.apple.product-type.application";
		};
/* End PBXNativeTarget section */

/* Begin PBXProject section */
		AFCDEEF42651248B00DAC1E4 /* Project object */ = {
			isa = PBXProject;
			attributes = {
				LastSwiftUpdateCheck = 1250;
				LastUpgradeCheck = 1250;
				TargetAttributes = {
					AFCDEEFF2651248D00DAC1E4 = {
						CreatedOnToolsVersion = 12.5;
					};
					AFCDEF072651248D00DAC1E4 = {
						CreatedOnToolsVersion = 12.5;
					};
				};
			};
			buildConfigurationList = AFCDEEF72651248B00DAC1E4 /* Build configuration list for PBXProject "Enrollment" */;
			compatibilityVersion = "Xcode 9.3";
			developmentRegion = en;
			hasScannedForEncodings = 0;
			knownRegions = (
				en,
				Base,
			);
			mainGroup = AFCDEEF32651248B00DAC1E4;
			packageReferences = (
				AFCDEF1A265124EB00DAC1E4 /* XCRemoteSwiftPackageReference "Flynn" */,
				AF5466362657974A006DE4AB /* XCRemoteSwiftPackageReference "ReSwift" */,
			);
			productRefGroup = AFCDEF012651248D00DAC1E4 /* Products */;
			projectDirPath = "";
			projectRoot = "";
			targets = (
				AFCDEEFF2651248D00DAC1E4 /* Enrollment (iOS) */,
				AFCDEF072651248D00DAC1E4 /* Enrollment (macOS) */,
			);
		};
/* End PBXProject section */

/* Begin PBXResourcesBuildPhase section */
		AFCDEEFE2651248D00DAC1E4 /* Resources */ = {
			isa = PBXResourcesBuildPhase;
			buildActionMask = 2147483647;
			files = (
				AFCDEF102651248D00DAC1E4 /* Assets.xcassets in Resources */,
			);
			runOnlyForDeploymentPostprocessing = 0;
		};
		AFCDEF062651248D00DAC1E4 /* Resources */ = {
			isa = PBXResourcesBuildPhase;
			buildActionMask = 2147483647;
			files = (
				AFCDEF112651248D00DAC1E4 /* Assets.xcassets in Resources */,
			);
			runOnlyForDeploymentPostprocessing = 0;
		};
/* End PBXResourcesBuildPhase section */

/* Begin PBXShellScriptBuildPhase section */
		AF72CE2626567AF90028C16B /* FlynnLint */ = {
			isa = PBXShellScriptBuildPhase;
			buildActionMask = 2147483647;
			files = (
			);
			inputFileListPaths = (
			);
			inputPaths = (
			);
			name = FlynnLint;
			outputFileListPaths = (
			);
			outputPaths = (
			);
			runOnlyForDeploymentPostprocessing = 0;
			shellPath = /bin/sh;
			shellScript = "# Type a script or drag a script file from your workspace to insert its path.\n";
		};
/* End PBXShellScriptBuildPhase section */

/* Begin PBXSourcesBuildPhase section */
		AFCDEEFC2651248D00DAC1E4 /* Sources */ = {
			isa = PBXSourcesBuildPhase;
			buildActionMask = 2147483647;
			files = (
				AF72CE22265670EC0028C16B /* BrowserScenario.swift in Sources */,
				AF72CE34265767770028C16B /* StartAppScenario.swift in Sources */,
				AFC97C7C265F6BE500D1980D /* DynamicTabView.swift in Sources */,
				AF5466512657C06F006DE4AB /* iOSListDisplayView.swift in Sources */,
				AFCDEF0E2651248D00DAC1E4 /* ContentView.swift in Sources */,
				AF183838265F9B6300307E26 /* SingletonStorage.swift in Sources */,
				AFCDEF0C2651248D00DAC1E4 /* EnrollmentApp.swift in Sources */,
				AF54664A2657AAD5006DE4AB /* AppReducer.swift in Sources */,
				AF72CE2B26575FB80028C16B /* RoleSelectionView.swift in Sources */,
				AF72CE31265760C90028C16B /* RoleSelectionScenario.swift in Sources */,
				AF5466272657748F006DE4AB /* iOSBrowserView.swift in Sources */,
				AF72CE1D265668290028C16B /* AdvertiserScenario.swift in Sources */,
				AF18382D265F702800307E26 /* iOSQRCodeView.swift in Sources */,
				AFCDEF22265131FC00DAC1E4 /* Courier.swift in Sources */,
				AF72CE1126563BDE0028C16B /* PeerBrowser.swift in Sources */,
				AF3A99AF265E9582006F7CF7 /* SwiftUIPhotoPicker.swift in Sources */,
				AF546655265812BE006DE4AB /* iOSBrowserListView.swift in Sources */,
				39AD1CBD265272BD002DCA0A /* IndexedCollection.swift in Sources */,
				39AD1CC9265276DE002DCA0A /* DataConverter.swift in Sources */,
				AF54665726581533006DE4AB /* TextFieldClearButton.swift in Sources */,
				AF18382F265F861700307E26 /* QRCodeScenario.swift in Sources */,
				AF72CE1326563BDE0028C16B /* PeerAdvertiser.swift in Sources */,
				AF5466692658CC07006DE4AB /* SwiftUIWebView.swift in Sources */,
				AF54664E2657AFAE006DE4AB /* UIActions.swift in Sources */,
				39AD1CBF265272BD002DCA0A /* Extensions.swift in Sources */,
				AF54662A26577AB4006DE4AB /* BeaconReceiver.swift in Sources */,
				AF5466482657AAD5006DE4AB /* AppState.swift in Sources */,
				AF3A99B8265E9D60006F7CF7 /* ToolMan.swift in Sources */,
				AF72CE1A265667C20028C16B /* iOSAdvertiserView.swift in Sources */,
				AF54662D26577B56006DE4AB /* Entities.swift in Sources */,
				AF98720B265A4C51001209FA /* NewColors.swift in Sources */,
				AF72CDFE26552BE30028C16B /* BeaconBroadcaster.swift in Sources */,
				AF5466612658C538006DE4AB /* WebViewScenario.swift in Sources */,
				AF183832265F936F00307E26 /* AppActions.swift in Sources */,
				AF5466662658CAFD006DE4AB /* TabPageView.swift in Sources */,
				AF0A296126591A10008F4E3A /* TabActionScenario.swift in Sources */,
				AF72CE0F26563BDE0028C16B /* PeerHost.swift in Sources */,
				AF183835265F96CA00307E26 /* ReduxActor.swift in Sources */,
				AF54665A26583DE8006DE4AB /* iOSTabView.swift in Sources */,
				AF54665F2658C50F006DE4AB /* iOSWebView.swift in Sources */,
				AF54663426578F10006DE4AB /* iOSListInputView.swift in Sources */,
			);
			runOnlyForDeploymentPostprocessing = 0;
		};
		AFCDEF042651248D00DAC1E4 /* Sources */ = {
			isa = PBXSourcesBuildPhase;
			buildActionMask = 2147483647;
			files = (
				AF72CE23265670EC0028C16B /* BrowserScenario.swift in Sources */,
				AF54663526578F10006DE4AB /* iOSListInputView.swift in Sources */,
				AF3A99B9265E9D60006F7CF7 /* ToolMan.swift in Sources */,
				AF183836265F96CA00307E26 /* ReduxActor.swift in Sources */,
				AF5466492657AAD5006DE4AB /* AppState.swift in Sources */,
				AF72CDFF26552BE30028C16B /* BeaconBroadcaster.swift in Sources */,
				AF72CE32265760C90028C16B /* RoleSelectionScenario.swift in Sources */,
				AF54662E26577B56006DE4AB /* Entities.swift in Sources */,
				AF0A296226591A10008F4E3A /* TabActionScenario.swift in Sources */,
				AF5466672658CAFD006DE4AB /* TabPageView.swift in Sources */,
				AF72CE1226563BDE0028C16B /* PeerBrowser.swift in Sources */,
				AF183830265F861700307E26 /* QRCodeScenario.swift in Sources */,
				AF72CE1426563BDE0028C16B /* PeerAdvertiser.swift in Sources */,
				39AD1CCA265276DE002DCA0A /* DataConverter.swift in Sources */,
				AF54665826581533006DE4AB /* TextFieldClearButton.swift in Sources */,
				AF54662826577644006DE4AB /* RoleSelectionView.swift in Sources */,
				AF54664F2657AFAE006DE4AB /* UIActions.swift in Sources */,
				39AD1CC0265272BD002DCA0A /* Extensions.swift in Sources */,
				AF72CE1026563BDE0028C16B /* PeerHost.swift in Sources */,
				AF3A99B0265E9582006F7CF7 /* SwiftUIPhotoPicker.swift in Sources */,
				AFCDEF0F2651248D00DAC1E4 /* ContentView.swift in Sources */,
				AF72CE1E265668290028C16B /* AdvertiserScenario.swift in Sources */,
				AF98720C265A4C51001209FA /* NewColors.swift in Sources */,
				AF54664B2657AAD5006DE4AB /* AppReducer.swift in Sources */,
				AFCDEF0D2651248D00DAC1E4 /* EnrollmentApp.swift in Sources */,
				AF183839265F9B6300307E26 /* SingletonStorage.swift in Sources */,
				AF54666A2658CC07006DE4AB /* SwiftUIWebView.swift in Sources */,
				AF54662B26577AB4006DE4AB /* BeaconReceiver.swift in Sources */,
				AFCDEF23265131FC00DAC1E4 /* Courier.swift in Sources */,
				39AD1CBE265272BD002DCA0A /* IndexedCollection.swift in Sources */,
				AF72CE35265767770028C16B /* StartAppScenario.swift in Sources */,
				AF183833265F936F00307E26 /* AppActions.swift in Sources */,
			);
			runOnlyForDeploymentPostprocessing = 0;
		};
/* End PBXSourcesBuildPhase section */

/* Begin XCBuildConfiguration section */
		AFCDEF122651248D00DAC1E4 /* Debug */ = {
			isa = XCBuildConfiguration;
			buildSettings = {
				ALWAYS_SEARCH_USER_PATHS = NO;
				CLANG_ANALYZER_NONNULL = YES;
				CLANG_ANALYZER_NUMBER_OBJECT_CONVERSION = YES_AGGRESSIVE;
				CLANG_CXX_LANGUAGE_STANDARD = "gnu++14";
				CLANG_CXX_LIBRARY = "libc++";
				CLANG_ENABLE_MODULES = YES;
				CLANG_ENABLE_OBJC_ARC = YES;
				CLANG_ENABLE_OBJC_WEAK = YES;
				CLANG_WARN_BLOCK_CAPTURE_AUTORELEASING = YES;
				CLANG_WARN_BOOL_CONVERSION = YES;
				CLANG_WARN_COMMA = YES;
				CLANG_WARN_CONSTANT_CONVERSION = YES;
				CLANG_WARN_DEPRECATED_OBJC_IMPLEMENTATIONS = YES;
				CLANG_WARN_DIRECT_OBJC_ISA_USAGE = YES_ERROR;
				CLANG_WARN_DOCUMENTATION_COMMENTS = YES;
				CLANG_WARN_EMPTY_BODY = YES;
				CLANG_WARN_ENUM_CONVERSION = YES;
				CLANG_WARN_INFINITE_RECURSION = YES;
				CLANG_WARN_INT_CONVERSION = YES;
				CLANG_WARN_NON_LITERAL_NULL_CONVERSION = YES;
				CLANG_WARN_OBJC_IMPLICIT_RETAIN_SELF = YES;
				CLANG_WARN_OBJC_LITERAL_CONVERSION = YES;
				CLANG_WARN_OBJC_ROOT_CLASS = YES_ERROR;
				CLANG_WARN_QUOTED_INCLUDE_IN_FRAMEWORK_HEADER = YES;
				CLANG_WARN_RANGE_LOOP_ANALYSIS = YES;
				CLANG_WARN_STRICT_PROTOTYPES = YES;
				CLANG_WARN_SUSPICIOUS_MOVE = YES;
				CLANG_WARN_UNGUARDED_AVAILABILITY = YES_AGGRESSIVE;
				CLANG_WARN_UNREACHABLE_CODE = YES;
				CLANG_WARN__DUPLICATE_METHOD_MATCH = YES;
				COPY_PHASE_STRIP = NO;
				DEBUG_INFORMATION_FORMAT = dwarf;
				ENABLE_STRICT_OBJC_MSGSEND = YES;
				ENABLE_TESTABILITY = YES;
				GCC_C_LANGUAGE_STANDARD = gnu11;
				GCC_DYNAMIC_NO_PIC = NO;
				GCC_NO_COMMON_BLOCKS = YES;
				GCC_OPTIMIZATION_LEVEL = 0;
				GCC_PREPROCESSOR_DEFINITIONS = (
					"DEBUG=1",
					"$(inherited)",
				);
				GCC_WARN_64_TO_32_BIT_CONVERSION = YES;
				GCC_WARN_ABOUT_RETURN_TYPE = YES_ERROR;
				GCC_WARN_UNDECLARED_SELECTOR = YES;
				GCC_WARN_UNINITIALIZED_AUTOS = YES_AGGRESSIVE;
				GCC_WARN_UNUSED_FUNCTION = YES;
				GCC_WARN_UNUSED_VARIABLE = YES;
				MTL_ENABLE_DEBUG_INFO = INCLUDE_SOURCE;
				MTL_FAST_MATH = YES;
				ONLY_ACTIVE_ARCH = YES;
				SWIFT_ACTIVE_COMPILATION_CONDITIONS = DEBUG;
				SWIFT_OPTIMIZATION_LEVEL = "-Onone";
			};
			name = Debug;
		};
		AFCDEF132651248D00DAC1E4 /* Release */ = {
			isa = XCBuildConfiguration;
			buildSettings = {
				ALWAYS_SEARCH_USER_PATHS = NO;
				CLANG_ANALYZER_NONNULL = YES;
				CLANG_ANALYZER_NUMBER_OBJECT_CONVERSION = YES_AGGRESSIVE;
				CLANG_CXX_LANGUAGE_STANDARD = "gnu++14";
				CLANG_CXX_LIBRARY = "libc++";
				CLANG_ENABLE_MODULES = YES;
				CLANG_ENABLE_OBJC_ARC = YES;
				CLANG_ENABLE_OBJC_WEAK = YES;
				CLANG_WARN_BLOCK_CAPTURE_AUTORELEASING = YES;
				CLANG_WARN_BOOL_CONVERSION = YES;
				CLANG_WARN_COMMA = YES;
				CLANG_WARN_CONSTANT_CONVERSION = YES;
				CLANG_WARN_DEPRECATED_OBJC_IMPLEMENTATIONS = YES;
				CLANG_WARN_DIRECT_OBJC_ISA_USAGE = YES_ERROR;
				CLANG_WARN_DOCUMENTATION_COMMENTS = YES;
				CLANG_WARN_EMPTY_BODY = YES;
				CLANG_WARN_ENUM_CONVERSION = YES;
				CLANG_WARN_INFINITE_RECURSION = YES;
				CLANG_WARN_INT_CONVERSION = YES;
				CLANG_WARN_NON_LITERAL_NULL_CONVERSION = YES;
				CLANG_WARN_OBJC_IMPLICIT_RETAIN_SELF = YES;
				CLANG_WARN_OBJC_LITERAL_CONVERSION = YES;
				CLANG_WARN_OBJC_ROOT_CLASS = YES_ERROR;
				CLANG_WARN_QUOTED_INCLUDE_IN_FRAMEWORK_HEADER = YES;
				CLANG_WARN_RANGE_LOOP_ANALYSIS = YES;
				CLANG_WARN_STRICT_PROTOTYPES = YES;
				CLANG_WARN_SUSPICIOUS_MOVE = YES;
				CLANG_WARN_UNGUARDED_AVAILABILITY = YES_AGGRESSIVE;
				CLANG_WARN_UNREACHABLE_CODE = YES;
				CLANG_WARN__DUPLICATE_METHOD_MATCH = YES;
				COPY_PHASE_STRIP = NO;
				DEBUG_INFORMATION_FORMAT = "dwarf-with-dsym";
				ENABLE_NS_ASSERTIONS = NO;
				ENABLE_STRICT_OBJC_MSGSEND = YES;
				GCC_C_LANGUAGE_STANDARD = gnu11;
				GCC_NO_COMMON_BLOCKS = YES;
				GCC_WARN_64_TO_32_BIT_CONVERSION = YES;
				GCC_WARN_ABOUT_RETURN_TYPE = YES_ERROR;
				GCC_WARN_UNDECLARED_SELECTOR = YES;
				GCC_WARN_UNINITIALIZED_AUTOS = YES_AGGRESSIVE;
				GCC_WARN_UNUSED_FUNCTION = YES;
				GCC_WARN_UNUSED_VARIABLE = YES;
				MTL_ENABLE_DEBUG_INFO = NO;
				MTL_FAST_MATH = YES;
				SWIFT_COMPILATION_MODE = wholemodule;
				SWIFT_OPTIMIZATION_LEVEL = "-O";
			};
			name = Release;
		};
		AFCDEF152651248D00DAC1E4 /* Debug */ = {
			isa = XCBuildConfiguration;
			buildSettings = {
				ASSETCATALOG_COMPILER_APPICON_NAME = AppIcon;
				ASSETCATALOG_COMPILER_GLOBAL_ACCENT_COLOR_NAME = AccentColor;
				CODE_SIGN_IDENTITY = "Apple Development";
				CODE_SIGN_STYLE = Automatic;
				CURRENT_PROJECT_VERSION = 2;
				DEVELOPMENT_TEAM = M34XUV83ZD;
				ENABLE_PREVIEWS = YES;
				INFOPLIST_FILE = iOS/Info.plist;
				IPHONEOS_DEPLOYMENT_TARGET = 14.1;
				LD_RUNPATH_SEARCH_PATHS = (
					"$(inherited)",
					"@executable_path/Frameworks",
				);
				PRODUCT_BUNDLE_IDENTIFIER = toon.town.party.visitor.enrollment;
				PRODUCT_NAME = Enrollment;
				PROVISIONING_PROFILE_SPECIFIER = "";
				SDKROOT = iphoneos;
				SWIFT_VERSION = 5.0;
				TARGETED_DEVICE_FAMILY = 1;
			};
			name = Debug;
		};
		AFCDEF162651248D00DAC1E4 /* Release */ = {
			isa = XCBuildConfiguration;
			buildSettings = {
				ASSETCATALOG_COMPILER_APPICON_NAME = AppIcon;
				ASSETCATALOG_COMPILER_GLOBAL_ACCENT_COLOR_NAME = AccentColor;
				CODE_SIGN_IDENTITY = "Apple Development";
				CODE_SIGN_STYLE = Automatic;
				CURRENT_PROJECT_VERSION = 2;
				DEVELOPMENT_TEAM = M34XUV83ZD;
				ENABLE_PREVIEWS = YES;
				INFOPLIST_FILE = iOS/Info.plist;
				IPHONEOS_DEPLOYMENT_TARGET = 14.1;
				LD_RUNPATH_SEARCH_PATHS = (
					"$(inherited)",
					"@executable_path/Frameworks",
				);
				PRODUCT_BUNDLE_IDENTIFIER = toon.town.party.visitor.enrollment;
				PRODUCT_NAME = Enrollment;
				PROVISIONING_PROFILE_SPECIFIER = "";
				SDKROOT = iphoneos;
				SWIFT_VERSION = 5.0;
				TARGETED_DEVICE_FAMILY = 1;
				VALIDATE_PRODUCT = YES;
			};
			name = Release;
		};
		AFCDEF182651248D00DAC1E4 /* Debug */ = {
			isa = XCBuildConfiguration;
			buildSettings = {
				ASSETCATALOG_COMPILER_APPICON_NAME = AppIcon;
				ASSETCATALOG_COMPILER_GLOBAL_ACCENT_COLOR_NAME = AccentColor;
				CODE_SIGN_ENTITLEMENTS = macOS/macOS.entitlements;
				CODE_SIGN_STYLE = Automatic;
				COMBINE_HIDPI_IMAGES = YES;
				DEVELOPMENT_TEAM = M34XUV83ZD;
				ENABLE_HARDENED_RUNTIME = YES;
				ENABLE_PREVIEWS = YES;
				INFOPLIST_FILE = macOS/Info.plist;
				LD_RUNPATH_SEARCH_PATHS = (
					"$(inherited)",
					"@executable_path/../Frameworks",
				);
				MACOSX_DEPLOYMENT_TARGET = 11.0;
				PRODUCT_BUNDLE_IDENTIFIER = toon.town.party.enrollment;
				PRODUCT_NAME = Enrollment;
				SDKROOT = macosx;
				SWIFT_VERSION = 5.0;
			};
			name = Debug;
		};
		AFCDEF192651248D00DAC1E4 /* Release */ = {
			isa = XCBuildConfiguration;
			buildSettings = {
				ASSETCATALOG_COMPILER_APPICON_NAME = AppIcon;
				ASSETCATALOG_COMPILER_GLOBAL_ACCENT_COLOR_NAME = AccentColor;
				CODE_SIGN_ENTITLEMENTS = macOS/macOS.entitlements;
				CODE_SIGN_STYLE = Automatic;
				COMBINE_HIDPI_IMAGES = YES;
				DEVELOPMENT_TEAM = M34XUV83ZD;
				ENABLE_HARDENED_RUNTIME = YES;
				ENABLE_PREVIEWS = YES;
				INFOPLIST_FILE = macOS/Info.plist;
				LD_RUNPATH_SEARCH_PATHS = (
					"$(inherited)",
					"@executable_path/../Frameworks",
				);
				MACOSX_DEPLOYMENT_TARGET = 11.0;
				PRODUCT_BUNDLE_IDENTIFIER = toon.town.party.enrollment;
				PRODUCT_NAME = Enrollment;
				SDKROOT = macosx;
				SWIFT_VERSION = 5.0;
			};
			name = Release;
		};
/* End XCBuildConfiguration section */

/* Begin XCConfigurationList section */
		AFCDEEF72651248B00DAC1E4 /* Build configuration list for PBXProject "Enrollment" */ = {
			isa = XCConfigurationList;
			buildConfigurations = (
				AFCDEF122651248D00DAC1E4 /* Debug */,
				AFCDEF132651248D00DAC1E4 /* Release */,
			);
			defaultConfigurationIsVisible = 0;
			defaultConfigurationName = Release;
		};
		AFCDEF142651248D00DAC1E4 /* Build configuration list for PBXNativeTarget "Enrollment (iOS)" */ = {
			isa = XCConfigurationList;
			buildConfigurations = (
				AFCDEF152651248D00DAC1E4 /* Debug */,
				AFCDEF162651248D00DAC1E4 /* Release */,
			);
			defaultConfigurationIsVisible = 0;
			defaultConfigurationName = Release;
		};
		AFCDEF172651248D00DAC1E4 /* Build configuration list for PBXNativeTarget "Enrollment (macOS)" */ = {
			isa = XCConfigurationList;
			buildConfigurations = (
				AFCDEF182651248D00DAC1E4 /* Debug */,
				AFCDEF192651248D00DAC1E4 /* Release */,
			);
			defaultConfigurationIsVisible = 0;
			defaultConfigurationName = Release;
		};
/* End XCConfigurationList section */

/* Begin XCRemoteSwiftPackageReference section */
		AF5466362657974A006DE4AB /* XCRemoteSwiftPackageReference "ReSwift" */ = {
			isa = XCRemoteSwiftPackageReference;
			repositoryURL = "https://github.com/ReSwift/ReSwift.git";
			requirement = {
				kind = upToNextMajorVersion;
				minimumVersion = 6.1.0;
			};
		};
		AFCDEF1A265124EB00DAC1E4 /* XCRemoteSwiftPackageReference "Flynn" */ = {
			isa = XCRemoteSwiftPackageReference;
			repositoryURL = "https://github.com/KittyMac/Flynn.git";
			requirement = {
				kind = upToNextMajorVersion;
				minimumVersion = 0.1.4;
			};
		};
/* End XCRemoteSwiftPackageReference section */

/* Begin XCSwiftPackageProductDependency section */
		AF5466372657974A006DE4AB /* ReSwift */ = {
			isa = XCSwiftPackageProductDependency;
			package = AF5466362657974A006DE4AB /* XCRemoteSwiftPackageReference "ReSwift" */;
			productName = ReSwift;
		};
		AFCDEF1B265124EB00DAC1E4 /* Flynn */ = {
			isa = XCSwiftPackageProductDependency;
			package = AFCDEF1A265124EB00DAC1E4 /* XCRemoteSwiftPackageReference "Flynn" */;
			productName = Flynn;
		};
/* End XCSwiftPackageProductDependency section */
	};
	rootObject = AFCDEEF42651248B00DAC1E4 /* Project object */;
}
