// !$*UTF8*$!
{
	archiveVersion = 1;
	classes = {
	};
	objectVersion = 52;
	objects = {

/* Begin PBXBuildFile section */
		AFCDEF0C2651248D00DAC1E4 /* EnrollmentApp.swift in Sources */ = {isa = PBXBuildFile; fileRef = AFCDEEF92651248B00DAC1E4 /* EnrollmentApp.swift */; };
		AFCDEF0D2651248D00DAC1E4 /* EnrollmentApp.swift in Sources */ = {isa = PBXBuildFile; fileRef = AFCDEEF92651248B00DAC1E4 /* EnrollmentApp.swift */; };
		AFCDEF0E2651248D00DAC1E4 /* ContentView.swift in Sources */ = {isa = PBXBuildFile; fileRef = AFCDEEFA2651248B00DAC1E4 /* ContentView.swift */; };
		AFCDEF0F2651248D00DAC1E4 /* ContentView.swift in Sources */ = {isa = PBXBuildFile; fileRef = AFCDEEFA2651248B00DAC1E4 /* ContentView.swift */; };
		AFCDEF102651248D00DAC1E4 /* Assets.xcassets in Resources */ = {isa = PBXBuildFile; fileRef = AFCDEEFB2651248D00DAC1E4 /* Assets.xcassets */; };
		AFCDEF112651248D00DAC1E4 /* Assets.xcassets in Resources */ = {isa = PBXBuildFile; fileRef = AFCDEEFB2651248D00DAC1E4 /* Assets.xcassets */; };
		AFCDEF1C265124EB00DAC1E4 /* Flynn in Frameworks */ = {isa = PBXBuildFile; productRef = AFCDEF1B265124EB00DAC1E4 /* Flynn */; };
		AFCDEF22265131FC00DAC1E4 /* Courier.swift in Sources */ = {isa = PBXBuildFile; fileRef = AFCDEF21265131FC00DAC1E4 /* Courier.swift */; };
		AFCDEF23265131FC00DAC1E4 /* Courier.swift in Sources */ = {isa = PBXBuildFile; fileRef = AFCDEF21265131FC00DAC1E4 /* Courier.swift */; };
		AFCDEF262651327E00DAC1E4 /* UserInfoInputView.swift in Sources */ = {isa = PBXBuildFile; fileRef = AFCDEF252651327E00DAC1E4 /* UserInfoInputView.swift */; };
/* End PBXBuildFile section */

/* Begin PBXFileReference section */
		AFCDEEF92651248B00DAC1E4 /* EnrollmentApp.swift */ = {isa = PBXFileReference; lastKnownFileType = sourcecode.swift; path = EnrollmentApp.swift; sourceTree = "<group>"; };
		AFCDEEFA2651248B00DAC1E4 /* ContentView.swift */ = {isa = PBXFileReference; lastKnownFileType = sourcecode.swift; path = ContentView.swift; sourceTree = "<group>"; };
		AFCDEEFB2651248D00DAC1E4 /* Assets.xcassets */ = {isa = PBXFileReference; lastKnownFileType = folder.assetcatalog; path = Assets.xcassets; sourceTree = "<group>"; };
		AFCDEF002651248D00DAC1E4 /* Enrollment.app */ = {isa = PBXFileReference; explicitFileType = wrapper.application; includeInIndex = 0; path = Enrollment.app; sourceTree = BUILT_PRODUCTS_DIR; };
		AFCDEF032651248D00DAC1E4 /* Info.plist */ = {isa = PBXFileReference; lastKnownFileType = text.plist.xml; path = Info.plist; sourceTree = "<group>"; };
		AFCDEF082651248D00DAC1E4 /* Enrollment.app */ = {isa = PBXFileReference; explicitFileType = wrapper.application; includeInIndex = 0; path = Enrollment.app; sourceTree = BUILT_PRODUCTS_DIR; };
		AFCDEF0A2651248D00DAC1E4 /* Info.plist */ = {isa = PBXFileReference; lastKnownFileType = text.plist.xml; path = Info.plist; sourceTree = "<group>"; };
		AFCDEF0B2651248D00DAC1E4 /* macOS.entitlements */ = {isa = PBXFileReference; lastKnownFileType = text.plist.entitlements; path = macOS.entitlements; sourceTree = "<group>"; };
		AFCDEF21265131FC00DAC1E4 /* Courier.swift */ = {isa = PBXFileReference; fileEncoding = 4; lastKnownFileType = sourcecode.swift; path = Courier.swift; sourceTree = "<group>"; };
		AFCDEF252651327E00DAC1E4 /* UserInfoInputView.swift */ = {isa = PBXFileReference; lastKnownFileType = sourcecode.swift; path = UserInfoInputView.swift; sourceTree = "<group>"; };
/* End PBXFileReference section */

/* Begin PBXFrameworksBuildPhase section */
		AFCDEEFD2651248D00DAC1E4 /* Frameworks */ = {
			isa = PBXFrameworksBuildPhase;
			buildActionMask = 2147483647;
			files = (
				AFCDEF1C265124EB00DAC1E4 /* Flynn in Frameworks */,
			);
			runOnlyForDeploymentPostprocessing = 0;
		};
		AFCDEF052651248D00DAC1E4 /* Frameworks */ = {
			isa = PBXFrameworksBuildPhase;
			buildActionMask = 2147483647;
			files = (
			);
			runOnlyForDeploymentPostprocessing = 0;
		};
/* End PBXFrameworksBuildPhase section */

/* Begin PBXGroup section */
		AFCDEEF32651248B00DAC1E4 = {
			isa = PBXGroup;
			children = (
				AFCDEEF82651248B00DAC1E4 /* Shared */,
				AFCDEF022651248D00DAC1E4 /* iOS */,
				AFCDEF092651248D00DAC1E4 /* macOS */,
				AFCDEF012651248D00DAC1E4 /* Products */,
			);
			sourceTree = "<group>";
		};
		AFCDEEF82651248B00DAC1E4 /* Shared */ = {
			isa = PBXGroup;
			children = (
				AFCDEF1F265131C600DAC1E4 /* Actors */,
				AFCDEEF92651248B00DAC1E4 /* EnrollmentApp.swift */,
				AFCDEEFA2651248B00DAC1E4 /* ContentView.swift */,
				AFCDEEFB2651248D00DAC1E4 /* Assets.xcassets */,
			);
			path = Shared;
			sourceTree = "<group>";
		};
		AFCDEF012651248D00DAC1E4 /* Products */ = {
			isa = PBXGroup;
			children = (
				AFCDEF002651248D00DAC1E4 /* Enrollment.app */,
				AFCDEF082651248D00DAC1E4 /* Enrollment.app */,
			);
			name = Products;
			sourceTree = "<group>";
		};
		AFCDEF022651248D00DAC1E4 /* iOS */ = {
			isa = PBXGroup;
			children = (
				AFCDEF242651320C00DAC1E4 /* Scenarios */,
				AFCDEF1D265128E300DAC1E4 /* Stage */,
				AFCDEF032651248D00DAC1E4 /* Info.plist */,
			);
			path = iOS;
			sourceTree = "<group>";
		};
		AFCDEF092651248D00DAC1E4 /* macOS */ = {
			isa = PBXGroup;
			children = (
				AFCDEF0A2651248D00DAC1E4 /* Info.plist */,
				AFCDEF0B2651248D00DAC1E4 /* macOS.entitlements */,
			);
			path = macOS;
			sourceTree = "<group>";
		};
		AFCDEF1D265128E300DAC1E4 /* Stage */ = {
			isa = PBXGroup;
			children = (
				AFCDEF1E2651291100DAC1E4 /* Scene */,
			);
			path = Stage;
			sourceTree = "<group>";
		};
		AFCDEF1E2651291100DAC1E4 /* Scene */ = {
			isa = PBXGroup;
			children = (
				AFCDEF252651327E00DAC1E4 /* UserInfoInputView.swift */,
			);
			path = Scene;
			sourceTree = "<group>";
		};
		AFCDEF1F265131C600DAC1E4 /* Actors */ = {
			isa = PBXGroup;
			children = (
				AFCDEF20265131FC00DAC1E4 /* Express */,
			);
			path = Actors;
			sourceTree = "<group>";
		};
		AFCDEF20265131FC00DAC1E4 /* Express */ = {
			isa = PBXGroup;
			children = (
				AFCDEF21265131FC00DAC1E4 /* Courier.swift */,
			);
			path = Express;
			sourceTree = "<group>";
		};
		AFCDEF242651320C00DAC1E4 /* Scenarios */ = {
			isa = PBXGroup;
			children = (
			);
			path = Scenarios;
			sourceTree = "<group>";
		};
/* End PBXGroup section */

/* Begin PBXNativeTarget section */
		AFCDEEFF2651248D00DAC1E4 /* Enrollment (iOS) */ = {
			isa = PBXNativeTarget;
			buildConfigurationList = AFCDEF142651248D00DAC1E4 /* Build configuration list for PBXNativeTarget "Enrollment (iOS)" */;
			buildPhases = (
				AFCDEEFC2651248D00DAC1E4 /* Sources */,
				AFCDEEFD2651248D00DAC1E4 /* Frameworks */,
				AFCDEEFE2651248D00DAC1E4 /* Resources */,
			);
			buildRules = (
			);
			dependencies = (
			);
			name = "Enrollment (iOS)";
			packageProductDependencies = (
				AFCDEF1B265124EB00DAC1E4 /* Flynn */,
			);
			productName = "Enrollment (iOS)";
			productReference = AFCDEF002651248D00DAC1E4 /* Enrollment.app */;
			productType = "com.apple.product-type.application";
		};
		AFCDEF072651248D00DAC1E4 /* Enrollment (macOS) */ = {
			isa = PBXNativeTarget;
			buildConfigurationList = AFCDEF172651248D00DAC1E4 /* Build configuration list for PBXNativeTarget "Enrollment (macOS)" */;
			buildPhases = (
				AFCDEF042651248D00DAC1E4 /* Sources */,
				AFCDEF052651248D00DAC1E4 /* Frameworks */,
				AFCDEF062651248D00DAC1E4 /* Resources */,
			);
			buildRules = (
			);
			dependencies = (
			);
			name = "Enrollment (macOS)";
			productName = "Enrollment (macOS)";
			productReference = AFCDEF082651248D00DAC1E4 /* Enrollment.app */;
			productType = "com.apple.product-type.application";
		};
/* End PBXNativeTarget section */

/* Begin PBXProject section */
		AFCDEEF42651248B00DAC1E4 /* Project object */ = {
			isa = PBXProject;
			attributes = {
				LastSwiftUpdateCheck = 1250;
				LastUpgradeCheck = 1250;
				TargetAttributes = {
					AFCDEEFF2651248D00DAC1E4 = {
						CreatedOnToolsVersion = 12.5;
					};
					AFCDEF072651248D00DAC1E4 = {
						CreatedOnToolsVersion = 12.5;
					};
				};
			};
			buildConfigurationList = AFCDEEF72651248B00DAC1E4 /* Build configuration list for PBXProject "Enrollment" */;
			compatibilityVersion = "Xcode 9.3";
			developmentRegion = en;
			hasScannedForEncodings = 0;
			knownRegions = (
				en,
				Base,
			);
			mainGroup = AFCDEEF32651248B00DAC1E4;
			packageReferences = (
				AFCDEF1A265124EB00DAC1E4 /* XCRemoteSwiftPackageReference "Flynn" */,
			);
			productRefGroup = AFCDEF012651248D00DAC1E4 /* Products */;
			projectDirPath = "";
			projectRoot = "";
			targets = (
				AFCDEEFF2651248D00DAC1E4 /* Enrollment (iOS) */,
				AFCDEF072651248D00DAC1E4 /* Enrollment (macOS) */,
			);
		};
/* End PBXProject section */

/* Begin PBXResourcesBuildPhase section */
		AFCDEEFE2651248D00DAC1E4 /* Resources */ = {
			isa = PBXResourcesBuildPhase;
			buildActionMask = 2147483647;
			files = (
				AFCDEF102651248D00DAC1E4 /* Assets.xcassets in Resources */,
			);
			runOnlyForDeploymentPostprocessing = 0;
		};
		AFCDEF062651248D00DAC1E4 /* Resources */ = {
			isa = PBXResourcesBuildPhase;
			buildActionMask = 2147483647;
			files = (
				AFCDEF112651248D00DAC1E4 /* Assets.xcassets in Resources */,
			);
			runOnlyForDeploymentPostprocessing = 0;
		};
/* End PBXResourcesBuildPhase section */

/* Begin PBXSourcesBuildPhase section */
		AFCDEEFC2651248D00DAC1E4 /* Sources */ = {
			isa = PBXSourcesBuildPhase;
			buildActionMask = 2147483647;
			files = (
				AFCDEF262651327E00DAC1E4 /* UserInfoInputView.swift in Sources */,
				AFCDEF0E2651248D00DAC1E4 /* ContentView.swift in Sources */,
				AFCDEF0C2651248D00DAC1E4 /* EnrollmentApp.swift in Sources */,
				AFCDEF22265131FC00DAC1E4 /* Courier.swift in Sources */,
			);
			runOnlyForDeploymentPostprocessing = 0;
		};
		AFCDEF042651248D00DAC1E4 /* Sources */ = {
			isa = PBXSourcesBuildPhase;
			buildActionMask = 2147483647;
			files = (
				AFCDEF0F2651248D00DAC1E4 /* ContentView.swift in Sources */,
				AFCDEF0D2651248D00DAC1E4 /* EnrollmentApp.swift in Sources */,
				AFCDEF23265131FC00DAC1E4 /* Courier.swift in Sources */,
			);
			runOnlyForDeploymentPostprocessing = 0;
		};
/* End PBXSourcesBuildPhase section */

/* Begin XCBuildConfiguration section */
		AFCDEF122651248D00DAC1E4 /* Debug */ = {
			isa = XCBuildConfiguration;
			buildSettings = {
				ALWAYS_SEARCH_USER_PATHS = NO;
				CLANG_ANALYZER_NONNULL = YES;
				CLANG_ANALYZER_NUMBER_OBJECT_CONVERSION = YES_AGGRESSIVE;
				CLANG_CXX_LANGUAGE_STANDARD = "gnu++14";
				CLANG_CXX_LIBRARY = "libc++";
				CLANG_ENABLE_MODULES = YES;
				CLANG_ENABLE_OBJC_ARC = YES;
				CLANG_ENABLE_OBJC_WEAK = YES;
				CLANG_WARN_BLOCK_CAPTURE_AUTORELEASING = YES;
				CLANG_WARN_BOOL_CONVERSION = YES;
				CLANG_WARN_COMMA = YES;
				CLANG_WARN_CONSTANT_CONVERSION = YES;
				CLANG_WARN_DEPRECATED_OBJC_IMPLEMENTATIONS = YES;
				CLANG_WARN_DIRECT_OBJC_ISA_USAGE = YES_ERROR;
				CLANG_WARN_DOCUMENTATION_COMMENTS = YES;
				CLANG_WARN_EMPTY_BODY = YES;
				CLANG_WARN_ENUM_CONVERSION = YES;
				CLANG_WARN_INFINITE_RECURSION = YES;
				CLANG_WARN_INT_CONVERSION = YES;
				CLANG_WARN_NON_LITERAL_NULL_CONVERSION = YES;
				CLANG_WARN_OBJC_IMPLICIT_RETAIN_SELF = YES;
				CLANG_WARN_OBJC_LITERAL_CONVERSION = YES;
				CLANG_WARN_OBJC_ROOT_CLASS = YES_ERROR;
				CLANG_WARN_QUOTED_INCLUDE_IN_FRAMEWORK_HEADER = YES;
				CLANG_WARN_RANGE_LOOP_ANALYSIS = YES;
				CLANG_WARN_STRICT_PROTOTYPES = YES;
				CLANG_WARN_SUSPICIOUS_MOVE = YES;
				CLANG_WARN_UNGUARDED_AVAILABILITY = YES_AGGRESSIVE;
				CLANG_WARN_UNREACHABLE_CODE = YES;
				CLANG_WARN__DUPLICATE_METHOD_MATCH = YES;
				COPY_PHASE_STRIP = NO;
				DEBUG_INFORMATION_FORMAT = dwarf;
				ENABLE_STRICT_OBJC_MSGSEND = YES;
				ENABLE_TESTABILITY = YES;
				GCC_C_LANGUAGE_STANDARD = gnu11;
				GCC_DYNAMIC_NO_PIC = NO;
				GCC_NO_COMMON_BLOCKS = YES;
				GCC_OPTIMIZATION_LEVEL = 0;
				GCC_PREPROCESSOR_DEFINITIONS = (
					"DEBUG=1",
					"$(inherited)",
				);
				GCC_WARN_64_TO_32_BIT_CONVERSION = YES;
				GCC_WARN_ABOUT_RETURN_TYPE = YES_ERROR;
				GCC_WARN_UNDECLARED_SELECTOR = YES;
				GCC_WARN_UNINITIALIZED_AUTOS = YES_AGGRESSIVE;
				GCC_WARN_UNUSED_FUNCTION = YES;
				GCC_WARN_UNUSED_VARIABLE = YES;
				MTL_ENABLE_DEBUG_INFO = INCLUDE_SOURCE;
				MTL_FAST_MATH = YES;
				ONLY_ACTIVE_ARCH = YES;
				SWIFT_ACTIVE_COMPILATION_CONDITIONS = DEBUG;
				SWIFT_OPTIMIZATION_LEVEL = "-Onone";
			};
			name = Debug;
		};
		AFCDEF132651248D00DAC1E4 /* Release */ = {
			isa = XCBuildConfiguration;
			buildSettings = {
				ALWAYS_SEARCH_USER_PATHS = NO;
				CLANG_ANALYZER_NONNULL = YES;
				CLANG_ANALYZER_NUMBER_OBJECT_CONVERSION = YES_AGGRESSIVE;
				CLANG_CXX_LANGUAGE_STANDARD = "gnu++14";
				CLANG_CXX_LIBRARY = "libc++";
				CLANG_ENABLE_MODULES = YES;
				CLANG_ENABLE_OBJC_ARC = YES;
				CLANG_ENABLE_OBJC_WEAK = YES;
				CLANG_WARN_BLOCK_CAPTURE_AUTORELEASING = YES;
				CLANG_WARN_BOOL_CONVERSION = YES;
				CLANG_WARN_COMMA = YES;
				CLANG_WARN_CONSTANT_CONVERSION = YES;
				CLANG_WARN_DEPRECATED_OBJC_IMPLEMENTATIONS = YES;
				CLANG_WARN_DIRECT_OBJC_ISA_USAGE = YES_ERROR;
				CLANG_WARN_DOCUMENTATION_COMMENTS = YES;
				CLANG_WARN_EMPTY_BODY = YES;
				CLANG_WARN_ENUM_CONVERSION = YES;
				CLANG_WARN_INFINITE_RECURSION = YES;
				CLANG_WARN_INT_CONVERSION = YES;
				CLANG_WARN_NON_LITERAL_NULL_CONVERSION = YES;
				CLANG_WARN_OBJC_IMPLICIT_RETAIN_SELF = YES;
				CLANG_WARN_OBJC_LITERAL_CONVERSION = YES;
				CLANG_WARN_OBJC_ROOT_CLASS = YES_ERROR;
				CLANG_WARN_QUOTED_INCLUDE_IN_FRAMEWORK_HEADER = YES;
				CLANG_WARN_RANGE_LOOP_ANALYSIS = YES;
				CLANG_WARN_STRICT_PROTOTYPES = YES;
				CLANG_WARN_SUSPICIOUS_MOVE = YES;
				CLANG_WARN_UNGUARDED_AVAILABILITY = YES_AGGRESSIVE;
				CLANG_WARN_UNREACHABLE_CODE = YES;
				CLANG_WARN__DUPLICATE_METHOD_MATCH = YES;
				COPY_PHASE_STRIP = NO;
				DEBUG_INFORMATION_FORMAT = "dwarf-with-dsym";
				ENABLE_NS_ASSERTIONS = NO;
				ENABLE_STRICT_OBJC_MSGSEND = YES;
				GCC_C_LANGUAGE_STANDARD = gnu11;
				GCC_NO_COMMON_BLOCKS = YES;
				GCC_WARN_64_TO_32_BIT_CONVERSION = YES;
				GCC_WARN_ABOUT_RETURN_TYPE = YES_ERROR;
				GCC_WARN_UNDECLARED_SELECTOR = YES;
				GCC_WARN_UNINITIALIZED_AUTOS = YES_AGGRESSIVE;
				GCC_WARN_UNUSED_FUNCTION = YES;
				GCC_WARN_UNUSED_VARIABLE = YES;
				MTL_ENABLE_DEBUG_INFO = NO;
				MTL_FAST_MATH = YES;
				SWIFT_COMPILATION_MODE = wholemodule;
				SWIFT_OPTIMIZATION_LEVEL = "-O";
			};
			name = Release;
		};
		AFCDEF152651248D00DAC1E4 /* Debug */ = {
			isa = XCBuildConfiguration;
			buildSettings = {
				ASSETCATALOG_COMPILER_APPICON_NAME = AppIcon;
				ASSETCATALOG_COMPILER_GLOBAL_ACCENT_COLOR_NAME = AccentColor;
				CODE_SIGN_STYLE = Automatic;
				DEVELOPMENT_TEAM = M34XUV83ZD;
				ENABLE_PREVIEWS = YES;
				INFOPLIST_FILE = iOS/Info.plist;
				IPHONEOS_DEPLOYMENT_TARGET = 14.0;
				LD_RUNPATH_SEARCH_PATHS = (
					"$(inherited)",
					"@executable_path/Frameworks",
				);
				PRODUCT_BUNDLE_IDENTIFIER = Cart00nHero8.Enrollment;
				PRODUCT_NAME = Enrollment;
				SDKROOT = iphoneos;
				SWIFT_VERSION = 5.0;
				TARGETED_DEVICE_FAMILY = "1,2";
			};
			name = Debug;
		};
		AFCDEF162651248D00DAC1E4 /* Release */ = {
			isa = XCBuildConfiguration;
			buildSettings = {
				ASSETCATALOG_COMPILER_APPICON_NAME = AppIcon;
				ASSETCATALOG_COMPILER_GLOBAL_ACCENT_COLOR_NAME = AccentColor;
				CODE_SIGN_STYLE = Automatic;
				DEVELOPMENT_TEAM = M34XUV83ZD;
				ENABLE_PREVIEWS = YES;
				INFOPLIST_FILE = iOS/Info.plist;
				IPHONEOS_DEPLOYMENT_TARGET = 14.0;
				LD_RUNPATH_SEARCH_PATHS = (
					"$(inherited)",
					"@executable_path/Frameworks",
				);
				PRODUCT_BUNDLE_IDENTIFIER = Cart00nHero8.Enrollment;
				PRODUCT_NAME = Enrollment;
				SDKROOT = iphoneos;
				SWIFT_VERSION = 5.0;
				TARGETED_DEVICE_FAMILY = "1,2";
				VALIDATE_PRODUCT = YES;
			};
			name = Release;
		};
		AFCDEF182651248D00DAC1E4 /* Debug */ = {
			isa = XCBuildConfiguration;
			buildSettings = {
				ASSETCATALOG_COMPILER_APPICON_NAME = AppIcon;
				ASSETCATALOG_COMPILER_GLOBAL_ACCENT_COLOR_NAME = AccentColor;
				CODE_SIGN_ENTITLEMENTS = macOS/macOS.entitlements;
				CODE_SIGN_STYLE = Automatic;
				COMBINE_HIDPI_IMAGES = YES;
				DEVELOPMENT_TEAM = M34XUV83ZD;
				ENABLE_HARDENED_RUNTIME = YES;
				ENABLE_PREVIEWS = YES;
				INFOPLIST_FILE = macOS/Info.plist;
				LD_RUNPATH_SEARCH_PATHS = (
					"$(inherited)",
					"@executable_path/../Frameworks",
				);
				MACOSX_DEPLOYMENT_TARGET = 11.0;
				PRODUCT_BUNDLE_IDENTIFIER = Cart00nHero8.Enrollment;
				PRODUCT_NAME = Enrollment;
				SDKROOT = macosx;
				SWIFT_VERSION = 5.0;
			};
			name = Debug;
		};
		AFCDEF192651248D00DAC1E4 /* Release */ = {
			isa = XCBuildConfiguration;
			buildSettings = {
				ASSETCATALOG_COMPILER_APPICON_NAME = AppIcon;
				ASSETCATALOG_COMPILER_GLOBAL_ACCENT_COLOR_NAME = AccentColor;
				CODE_SIGN_ENTITLEMENTS = macOS/macOS.entitlements;
				CODE_SIGN_STYLE = Automatic;
				COMBINE_HIDPI_IMAGES = YES;
				DEVELOPMENT_TEAM = M34XUV83ZD;
				ENABLE_HARDENED_RUNTIME = YES;
				ENABLE_PREVIEWS = YES;
				INFOPLIST_FILE = macOS/Info.plist;
				LD_RUNPATH_SEARCH_PATHS = (
					"$(inherited)",
					"@executable_path/../Frameworks",
				);
				MACOSX_DEPLOYMENT_TARGET = 11.0;
				PRODUCT_BUNDLE_IDENTIFIER = Cart00nHero8.Enrollment;
				PRODUCT_NAME = Enrollment;
				SDKROOT = macosx;
				SWIFT_VERSION = 5.0;
			};
			name = Release;
		};
/* End XCBuildConfiguration section */

/* Begin XCConfigurationList section */
		AFCDEEF72651248B00DAC1E4 /* Build configuration list for PBXProject "Enrollment" */ = {
			isa = XCConfigurationList;
			buildConfigurations = (
				AFCDEF122651248D00DAC1E4 /* Debug */,
				AFCDEF132651248D00DAC1E4 /* Release */,
			);
			defaultConfigurationIsVisible = 0;
			defaultConfigurationName = Release;
		};
		AFCDEF142651248D00DAC1E4 /* Build configuration list for PBXNativeTarget "Enrollment (iOS)" */ = {
			isa = XCConfigurationList;
			buildConfigurations = (
				AFCDEF152651248D00DAC1E4 /* Debug */,
				AFCDEF162651248D00DAC1E4 /* Release */,
			);
			defaultConfigurationIsVisible = 0;
			defaultConfigurationName = Release;
		};
		AFCDEF172651248D00DAC1E4 /* Build configuration list for PBXNativeTarget "Enrollment (macOS)" */ = {
			isa = XCConfigurationList;
			buildConfigurations = (
				AFCDEF182651248D00DAC1E4 /* Debug */,
				AFCDEF192651248D00DAC1E4 /* Release */,
			);
			defaultConfigurationIsVisible = 0;
			defaultConfigurationName = Release;
		};
/* End XCConfigurationList section */

/* Begin XCRemoteSwiftPackageReference section */
		AFCDEF1A265124EB00DAC1E4 /* XCRemoteSwiftPackageReference "Flynn" */ = {
			isa = XCRemoteSwiftPackageReference;
			repositoryURL = "https://github.com/KittyMac/Flynn.git";
			requirement = {
				kind = upToNextMajorVersion;
				minimumVersion = 0.1.4;
			};
		};
/* End XCRemoteSwiftPackageReference section */

/* Begin XCSwiftPackageProductDependency section */
		AFCDEF1B265124EB00DAC1E4 /* Flynn */ = {
			isa = XCSwiftPackageProductDependency;
			package = AFCDEF1A265124EB00DAC1E4 /* XCRemoteSwiftPackageReference "Flynn" */;
			productName = Flynn;
		};
/* End XCSwiftPackageProductDependency section */
	};
	rootObject = AFCDEEF42651248B00DAC1E4 /* Project object */;
}
